// !$*UTF8*$!
{
	archiveVersion = 1;
	classes = {
	};
	objectVersion = 46;
	objects = {

/* Begin PBXBuildFile section */
		16667BA9CAD8CFC66A4F2448 /* libPods.a in Frameworks */ = {isa = PBXBuildFile; fileRef = 3D20525967061A563D8D8F8B /* libPods.a */; };
		38AF92DD1A008F7200E6295A /* ClassPair.m in Sources */ = {isa = PBXBuildFile; fileRef = 38AF92DA1A008F7200E6295A /* ClassPair.m */; };
		38AF92DE1A008F7200E6295A /* IOCan.m in Sources */ = {isa = PBXBuildFile; fileRef = 38AF92DC1A008F7200E6295A /* IOCan.m */; };
		38AF92E71A00908800E6295A /* UrlPath.m in Sources */ = {isa = PBXBuildFile; fileRef = 38AF92E61A00908800E6295A /* UrlPath.m */; };
		38AF92EB1A00912600E6295A /* Repo.m in Sources */ = {isa = PBXBuildFile; fileRef = 38AF92EA1A00912600E6295A /* Repo.m */; };
		38AF92EE1A00913500E6295A /* MockRepo.m in Sources */ = {isa = PBXBuildFile; fileRef = 38AF92ED1A00913500E6295A /* MockRepo.m */; };
		38FD048419FCB2B800801C6A /* main.m in Sources */ = {isa = PBXBuildFile; fileRef = 38FD048319FCB2B800801C6A /* main.m */; };
		38FD048719FCB2B800801C6A /* AppDelegate.m in Sources */ = {isa = PBXBuildFile; fileRef = 38FD048619FCB2B800801C6A /* AppDelegate.m */; };
		38FD048A19FCB2B800801C6A /* ViewController.m in Sources */ = {isa = PBXBuildFile; fileRef = 38FD048919FCB2B800801C6A /* ViewController.m */; };
		38FD048D19FCB2B800801C6A /* Main.storyboard in Resources */ = {isa = PBXBuildFile; fileRef = 38FD048B19FCB2B800801C6A /* Main.storyboard */; };
		38FD048F19FCB2B800801C6A /* Images.xcassets in Resources */ = {isa = PBXBuildFile; fileRef = 38FD048E19FCB2B800801C6A /* Images.xcassets */; };
		38FD049219FCB2B800801C6A /* LaunchScreen.xib in Resources */ = {isa = PBXBuildFile; fileRef = 38FD049019FCB2B800801C6A /* LaunchScreen.xib */; };
		38FD049E19FCB2B800801C6A /* StoryXTests.m in Sources */ = {isa = PBXBuildFile; fileRef = 38FD049D19FCB2B800801C6A /* StoryXTests.m */; };
		5036E0891A00430D000C33A3 /* NewGameViewController.m in Sources */ = {isa = PBXBuildFile; fileRef = 5036E0881A00430D000C33A3 /* NewGameViewController.m */; };
		5036E0BE1A0047F2000C33A3 /* HistoryViewController.m in Sources */ = {isa = PBXBuildFile; fileRef = 5036E0BD1A0047F2000C33A3 /* HistoryViewController.m */; };
		E69CFFBE1AD1D36C00AA106F /* DAO.m in Sources */ = {isa = PBXBuildFile; fileRef = E69CFFBD1AD1D36C00AA106F /* DAO.m */; };
/* End PBXBuildFile section */

/* Begin PBXContainerItemProxy section */
		38FD049819FCB2B800801C6A /* PBXContainerItemProxy */ = {
			isa = PBXContainerItemProxy;
			containerPortal = 38FD047619FCB2B800801C6A /* Project object */;
			proxyType = 1;
			remoteGlobalIDString = 38FD047D19FCB2B800801C6A;
			remoteInfo = StoryX;
		};
/* End PBXContainerItemProxy section */

/* Begin PBXFileReference section */
		38AF92D91A008F7200E6295A /* ClassPair.h */ = {isa = PBXFileReference; fileEncoding = 4; lastKnownFileType = sourcecode.c.h; name = ClassPair.h; path = StoryX/ClassPair.h; sourceTree = "<group>"; };
		38AF92DA1A008F7200E6295A /* ClassPair.m */ = {isa = PBXFileReference; fileEncoding = 4; lastKnownFileType = sourcecode.c.objc; name = ClassPair.m; path = StoryX/ClassPair.m; sourceTree = "<group>"; };
		38AF92DB1A008F7200E6295A /* IOCan.h */ = {isa = PBXFileReference; fileEncoding = 4; lastKnownFileType = sourcecode.c.h; name = IOCan.h; path = StoryX/IOCan.h; sourceTree = "<group>"; };
		38AF92DC1A008F7200E6295A /* IOCan.m */ = {isa = PBXFileReference; fileEncoding = 4; lastKnownFileType = sourcecode.c.objc; name = IOCan.m; path = StoryX/IOCan.m; sourceTree = "<group>"; };
		38AF92E51A00908800E6295A /* UrlPath.h */ = {isa = PBXFileReference; fileEncoding = 4; lastKnownFileType = sourcecode.c.h; path = UrlPath.h; sourceTree = "<group>"; };
		38AF92E61A00908800E6295A /* UrlPath.m */ = {isa = PBXFileReference; fileEncoding = 4; lastKnownFileType = sourcecode.c.objc; path = UrlPath.m; sourceTree = "<group>"; };
		38AF92E81A0090AF00E6295A /* IRepo.h */ = {isa = PBXFileReference; lastKnownFileType = sourcecode.c.h; path = IRepo.h; sourceTree = "<group>"; };
		38AF92E91A00912600E6295A /* Repo.h */ = {isa = PBXFileReference; fileEncoding = 4; lastKnownFileType = sourcecode.c.h; path = Repo.h; sourceTree = "<group>"; };
		38AF92EA1A00912600E6295A /* Repo.m */ = {isa = PBXFileReference; fileEncoding = 4; lastKnownFileType = sourcecode.c.objc; path = Repo.m; sourceTree = "<group>"; };
		38AF92EC1A00913500E6295A /* MockRepo.h */ = {isa = PBXFileReference; fileEncoding = 4; lastKnownFileType = sourcecode.c.h; path = MockRepo.h; sourceTree = "<group>"; };
		38AF92ED1A00913500E6295A /* MockRepo.m */ = {isa = PBXFileReference; fileEncoding = 4; lastKnownFileType = sourcecode.c.objc; path = MockRepo.m; sourceTree = "<group>"; };
		38FD047E19FCB2B800801C6A /* StoryX.app */ = {isa = PBXFileReference; explicitFileType = wrapper.application; includeInIndex = 0; path = StoryX.app; sourceTree = BUILT_PRODUCTS_DIR; };
		38FD048219FCB2B800801C6A /* Info.plist */ = {isa = PBXFileReference; lastKnownFileType = text.plist.xml; path = Info.plist; sourceTree = "<group>"; };
		38FD048319FCB2B800801C6A /* main.m */ = {isa = PBXFileReference; lastKnownFileType = sourcecode.c.objc; path = main.m; sourceTree = "<group>"; };
		38FD048519FCB2B800801C6A /* AppDelegate.h */ = {isa = PBXFileReference; lastKnownFileType = sourcecode.c.h; path = AppDelegate.h; sourceTree = "<group>"; };
		38FD048619FCB2B800801C6A /* AppDelegate.m */ = {isa = PBXFileReference; lastKnownFileType = sourcecode.c.objc; path = AppDelegate.m; sourceTree = "<group>"; };
		38FD048819FCB2B800801C6A /* ViewController.h */ = {isa = PBXFileReference; lastKnownFileType = sourcecode.c.h; path = ViewController.h; sourceTree = "<group>"; };
		38FD048919FCB2B800801C6A /* ViewController.m */ = {isa = PBXFileReference; lastKnownFileType = sourcecode.c.objc; path = ViewController.m; sourceTree = "<group>"; };
		38FD048C19FCB2B800801C6A /* Base */ = {isa = PBXFileReference; lastKnownFileType = file.storyboard; name = Base; path = Base.lproj/Main.storyboard; sourceTree = "<group>"; };
		38FD048E19FCB2B800801C6A /* Images.xcassets */ = {isa = PBXFileReference; lastKnownFileType = folder.assetcatalog; path = Images.xcassets; sourceTree = "<group>"; };
		38FD049119FCB2B800801C6A /* Base */ = {isa = PBXFileReference; lastKnownFileType = file.xib; name = Base; path = Base.lproj/LaunchScreen.xib; sourceTree = "<group>"; };
		38FD049719FCB2B800801C6A /* StoryXTests.xctest */ = {isa = PBXFileReference; explicitFileType = wrapper.cfbundle; includeInIndex = 0; path = StoryXTests.xctest; sourceTree = BUILT_PRODUCTS_DIR; };
		38FD049C19FCB2B800801C6A /* Info.plist */ = {isa = PBXFileReference; lastKnownFileType = text.plist.xml; path = Info.plist; sourceTree = "<group>"; };
		38FD049D19FCB2B800801C6A /* StoryXTests.m */ = {isa = PBXFileReference; lastKnownFileType = sourcecode.c.objc; path = StoryXTests.m; sourceTree = "<group>"; };
		3D20525967061A563D8D8F8B /* libPods.a */ = {isa = PBXFileReference; explicitFileType = archive.ar; includeInIndex = 0; path = libPods.a; sourceTree = BUILT_PRODUCTS_DIR; };
		5036E0871A00430D000C33A3 /* NewGameViewController.h */ = {isa = PBXFileReference; fileEncoding = 4; lastKnownFileType = sourcecode.c.h; path = NewGameViewController.h; sourceTree = "<group>"; };
		5036E0881A00430D000C33A3 /* NewGameViewController.m */ = {isa = PBXFileReference; fileEncoding = 4; lastKnownFileType = sourcecode.c.objc; path = NewGameViewController.m; sourceTree = "<group>"; };
		5036E0BC1A0047F2000C33A3 /* HistoryViewController.h */ = {isa = PBXFileReference; fileEncoding = 4; lastKnownFileType = sourcecode.c.h; path = HistoryViewController.h; sourceTree = "<group>"; };
		5036E0BD1A0047F2000C33A3 /* HistoryViewController.m */ = {isa = PBXFileReference; fileEncoding = 4; lastKnownFileType = sourcecode.c.objc; path = HistoryViewController.m; sourceTree = "<group>"; };
		7E494086B50375F27918A826 /* Pods.release.xcconfig */ = {isa = PBXFileReference; includeInIndex = 1; lastKnownFileType = text.xcconfig; name = Pods.release.xcconfig; path = "Pods/Target Support Files/Pods/Pods.release.xcconfig"; sourceTree = "<group>"; };
		8C3168315DB90A769C9D644E /* Pods.debug.xcconfig */ = {isa = PBXFileReference; includeInIndex = 1; lastKnownFileType = text.xcconfig; name = Pods.debug.xcconfig; path = "Pods/Target Support Files/Pods/Pods.debug.xcconfig"; sourceTree = "<group>"; };
		E69CFFBC1AD1D36C00AA106F /* DAO.h */ = {isa = PBXFileReference; fileEncoding = 4; lastKnownFileType = sourcecode.c.h; path = DAO.h; sourceTree = "<group>"; };
		E69CFFBD1AD1D36C00AA106F /* DAO.m */ = {isa = PBXFileReference; fileEncoding = 4; lastKnownFileType = sourcecode.c.objc; path = DAO.m; sourceTree = "<group>"; };
/* End PBXFileReference section */

/* Begin PBXFrameworksBuildPhase section */
		38FD047B19FCB2B800801C6A /* Frameworks */ = {
			isa = PBXFrameworksBuildPhase;
			buildActionMask = 2147483647;
			files = (
				16667BA9CAD8CFC66A4F2448 /* libPods.a in Frameworks */,
			);
			runOnlyForDeploymentPostprocessing = 0;
		};
		38FD049419FCB2B800801C6A /* Frameworks */ = {
			isa = PBXFrameworksBuildPhase;
			buildActionMask = 2147483647;
			files = (
			);
			runOnlyForDeploymentPostprocessing = 0;
		};
/* End PBXFrameworksBuildPhase section */

/* Begin PBXGroup section */
		38AF92D81A008F4300E6295A /* IOContainer */ = {
			isa = PBXGroup;
			children = (
				38AF92D91A008F7200E6295A /* ClassPair.h */,
				38AF92DA1A008F7200E6295A /* ClassPair.m */,
				38AF92DB1A008F7200E6295A /* IOCan.h */,
				38AF92DC1A008F7200E6295A /* IOCan.m */,
			);
			name = IOContainer;
			sourceTree = "<group>";
		};
		38AF92DF1A008F8F00E6295A /* ViewControllers */ = {
			isa = PBXGroup;
			children = (
				38AF92E21A00900600E6295A /* NewGameScreen */,
				38AF92E11A008FCF00E6295A /* HistoryScreen */,
				38AF92E01A008FB100E6295A /* MainScreen */,
			);
			name = ViewControllers;
			sourceTree = "<group>";
		};
		38AF92E01A008FB100E6295A /* MainScreen */ = {
			isa = PBXGroup;
			children = (
				38FD048819FCB2B800801C6A /* ViewController.h */,
				38FD048919FCB2B800801C6A /* ViewController.m */,
			);
			name = MainScreen;
			sourceTree = "<group>";
		};
		38AF92E11A008FCF00E6295A /* HistoryScreen */ = {
			isa = PBXGroup;
			children = (
				5036E0BC1A0047F2000C33A3 /* HistoryViewController.h */,
				5036E0BD1A0047F2000C33A3 /* HistoryViewController.m */,
			);
			name = HistoryScreen;
			sourceTree = "<group>";
		};
		38AF92E21A00900600E6295A /* NewGameScreen */ = {
			isa = PBXGroup;
			children = (
				5036E0871A00430D000C33A3 /* NewGameViewController.h */,
				5036E0881A00430D000C33A3 /* NewGameViewController.m */,
			);
			name = NewGameScreen;
			sourceTree = "<group>";
		};
		38AF92E31A00906300E6295A /* Services */ = {
			isa = PBXGroup;
			children = (
				38AF92E81A0090AF00E6295A /* IRepo.h */,
				38AF92E91A00912600E6295A /* Repo.h */,
				38AF92EA1A00912600E6295A /* Repo.m */,
				38AF92EC1A00913500E6295A /* MockRepo.h */,
				38AF92ED1A00913500E6295A /* MockRepo.m */,
			);
			name = Services;
			sourceTree = "<group>";
		};
		38AF92E41A00906B00E6295A /* DAO */ = {
			isa = PBXGroup;
			children = (
				38AF92E51A00908800E6295A /* UrlPath.h */,
				38AF92E61A00908800E6295A /* UrlPath.m */,
				E69CFFBC1AD1D36C00AA106F /* DAO.h */,
				E69CFFBD1AD1D36C00AA106F /* DAO.m */,
			);
			name = DAO;
			sourceTree = "<group>";
		};
		38FD047519FCB2B800801C6A = {
			isa = PBXGroup;
			children = (
				38AF92D81A008F4300E6295A /* IOContainer */,
				38FD048019FCB2B800801C6A /* StoryX */,
				38FD049A19FCB2B800801C6A /* StoryXTests */,
				38FD047F19FCB2B800801C6A /* Products */,
				777C4686A7C6A6F3F6AF3BDF /* Pods */,
				7E401C08FD6E35DEBF0E729D /* Frameworks */,
			);
			sourceTree = "<group>";
		};
		38FD047F19FCB2B800801C6A /* Products */ = {
			isa = PBXGroup;
			children = (
				38FD047E19FCB2B800801C6A /* StoryX.app */,
				38FD049719FCB2B800801C6A /* StoryXTests.xctest */,
			);
			name = Products;
			sourceTree = "<group>";
		};
		38FD048019FCB2B800801C6A /* StoryX */ = {
			isa = PBXGroup;
			children = (
				38AF92E41A00906B00E6295A /* DAO */,
				38AF92E31A00906300E6295A /* Services */,
				38AF92DF1A008F8F00E6295A /* ViewControllers */,
				38FD048119FCB2B800801C6A /* Supporting Files */,
			);
			path = StoryX;
			sourceTree = "<group>";
		};
		38FD048119FCB2B800801C6A /* Supporting Files */ = {
			isa = PBXGroup;
			children = (
				38FD048B19FCB2B800801C6A /* Main.storyboard */,
				38FD048E19FCB2B800801C6A /* Images.xcassets */,
				38FD049019FCB2B800801C6A /* LaunchScreen.xib */,
				38FD048519FCB2B800801C6A /* AppDelegate.h */,
				38FD048619FCB2B800801C6A /* AppDelegate.m */,
				38FD048219FCB2B800801C6A /* Info.plist */,
				38FD048319FCB2B800801C6A /* main.m */,
			);
			name = "Supporting Files";
			sourceTree = "<group>";
		};
		38FD049A19FCB2B800801C6A /* StoryXTests */ = {
			isa = PBXGroup;
			children = (
				38FD049D19FCB2B800801C6A /* StoryXTests.m */,
				38FD049B19FCB2B800801C6A /* Supporting Files */,
			);
			path = StoryXTests;
			sourceTree = "<group>";
		};
		38FD049B19FCB2B800801C6A /* Supporting Files */ = {
			isa = PBXGroup;
			children = (
				38FD049C19FCB2B800801C6A /* Info.plist */,
			);
			name = "Supporting Files";
			sourceTree = "<group>";
		};
		777C4686A7C6A6F3F6AF3BDF /* Pods */ = {
			isa = PBXGroup;
			children = (
				8C3168315DB90A769C9D644E /* Pods.debug.xcconfig */,
				7E494086B50375F27918A826 /* Pods.release.xcconfig */,
			);
			name = Pods;
			sourceTree = "<group>";
		};
		7E401C08FD6E35DEBF0E729D /* Frameworks */ = {
			isa = PBXGroup;
			children = (
				3D20525967061A563D8D8F8B /* libPods.a */,
			);
			name = Frameworks;
			sourceTree = "<group>";
		};
/* End PBXGroup section */

/* Begin PBXNativeTarget section */
		38FD047D19FCB2B800801C6A /* StoryX */ = {
			isa = PBXNativeTarget;
			buildConfigurationList = 38FD04A119FCB2B800801C6A /* Build configuration list for PBXNativeTarget "StoryX" */;
			buildPhases = (
				B90EE4543E5EC198A8334FF0 /* Check Pods Manifest.lock */,
				38FD047A19FCB2B800801C6A /* Sources */,
				38FD047B19FCB2B800801C6A /* Frameworks */,
				38FD047C19FCB2B800801C6A /* Resources */,
				FBE6BB303CED7F08B9FE78BB /* Copy Pods Resources */,
			);
			buildRules = (
			);
			dependencies = (
			);
			name = StoryX;
			productName = StoryX;
			productReference = 38FD047E19FCB2B800801C6A /* StoryX.app */;
			productType = "com.apple.product-type.application";
		};
		38FD049619FCB2B800801C6A /* StoryXTests */ = {
			isa = PBXNativeTarget;
			buildConfigurationList = 38FD04A419FCB2B800801C6A /* Build configuration list for PBXNativeTarget "StoryXTests" */;
			buildPhases = (
				38FD049319FCB2B800801C6A /* Sources */,
				38FD049419FCB2B800801C6A /* Frameworks */,
				38FD049519FCB2B800801C6A /* Resources */,
			);
			buildRules = (
			);
			dependencies = (
				38FD049919FCB2B800801C6A /* PBXTargetDependency */,
			);
			name = StoryXTests;
			productName = StoryXTests;
			productReference = 38FD049719FCB2B800801C6A /* StoryXTests.xctest */;
			productType = "com.apple.product-type.bundle.unit-test";
		};
/* End PBXNativeTarget section */

/* Begin PBXProject section */
		38FD047619FCB2B800801C6A /* Project object */ = {
			isa = PBXProject;
			attributes = {
				LastUpgradeCheck = 0610;
				ORGANIZATIONNAME = WSH;
				TargetAttributes = {
					38FD047D19FCB2B800801C6A = {
						CreatedOnToolsVersion = 6.1;
					};
					38FD049619FCB2B800801C6A = {
						CreatedOnToolsVersion = 6.1;
						TestTargetID = 38FD047D19FCB2B800801C6A;
					};
				};
			};
			buildConfigurationList = 38FD047919FCB2B800801C6A /* Build configuration list for PBXProject "StoryX" */;
			compatibilityVersion = "Xcode 3.2";
			developmentRegion = English;
			hasScannedForEncodings = 0;
			knownRegions = (
				en,
				Base,
			);
			mainGroup = 38FD047519FCB2B800801C6A;
			productRefGroup = 38FD047F19FCB2B800801C6A /* Products */;
			projectDirPath = "";
			projectRoot = "";
			targets = (
				38FD047D19FCB2B800801C6A /* StoryX */,
				38FD049619FCB2B800801C6A /* StoryXTests */,
			);
		};
/* End PBXProject section */

/* Begin PBXResourcesBuildPhase section */
		38FD047C19FCB2B800801C6A /* Resources */ = {
			isa = PBXResourcesBuildPhase;
			buildActionMask = 2147483647;
			files = (
				38FD048D19FCB2B800801C6A /* Main.storyboard in Resources */,
				38FD049219FCB2B800801C6A /* LaunchScreen.xib in Resources */,
				38FD048F19FCB2B800801C6A /* Images.xcassets in Resources */,
			);
			runOnlyForDeploymentPostprocessing = 0;
		};
		38FD049519FCB2B800801C6A /* Resources */ = {
			isa = PBXResourcesBuildPhase;
			buildActionMask = 2147483647;
			files = (
			);
			runOnlyForDeploymentPostprocessing = 0;
		};
/* End PBXResourcesBuildPhase section */

/* Begin PBXShellScriptBuildPhase section */
		B90EE4543E5EC198A8334FF0 /* Check Pods Manifest.lock */ = {
			isa = PBXShellScriptBuildPhase;
			buildActionMask = 2147483647;
			files = (
			);
			inputPaths = (
			);
			name = "Check Pods Manifest.lock";
			outputPaths = (
			);
			runOnlyForDeploymentPostprocessing = 0;
			shellPath = /bin/sh;
			shellScript = "diff \"${PODS_ROOT}/../Podfile.lock\" \"${PODS_ROOT}/Manifest.lock\" > /dev/null\nif [[ $? != 0 ]] ; then\n    cat << EOM\nerror: The sandbox is not in sync with the Podfile.lock. Run 'pod install' or update your CocoaPods installation.\nEOM\n    exit 1\nfi\n";
			showEnvVarsInLog = 0;
		};
		FBE6BB303CED7F08B9FE78BB /* Copy Pods Resources */ = {
			isa = PBXShellScriptBuildPhase;
			buildActionMask = 2147483647;
			files = (
			);
			inputPaths = (
			);
			name = "Copy Pods Resources";
			outputPaths = (
			);
			runOnlyForDeploymentPostprocessing = 0;
			shellPath = /bin/sh;
			shellScript = "\"${SRCROOT}/Pods/Target Support Files/Pods/Pods-resources.sh\"\n";
			showEnvVarsInLog = 0;
		};
/* End PBXShellScriptBuildPhase section */

/* Begin PBXSourcesBuildPhase section */
		38FD047A19FCB2B800801C6A /* Sources */ = {
			isa = PBXSourcesBuildPhase;
			buildActionMask = 2147483647;
			files = (
				E69CFFBE1AD1D36C00AA106F /* DAO.m in Sources */,
				38AF92DD1A008F7200E6295A /* ClassPair.m in Sources */,
				38AF92EE1A00913500E6295A /* MockRepo.m in Sources */,
				38FD048A19FCB2B800801C6A /* ViewController.m in Sources */,
				38FD048719FCB2B800801C6A /* AppDelegate.m in Sources */,
				38AF92EB1A00912600E6295A /* Repo.m in Sources */,
				38FD048419FCB2B800801C6A /* main.m in Sources */,
				38AF92E71A00908800E6295A /* UrlPath.m in Sources */,
				38AF92DE1A008F7200E6295A /* IOCan.m in Sources */,
				5036E0BE1A0047F2000C33A3 /* HistoryViewController.m in Sources */,
				5036E0891A00430D000C33A3 /* NewGameViewController.m in Sources */,
			);
			runOnlyForDeploymentPostprocessing = 0;
		};
		38FD049319FCB2B800801C6A /* Sources */ = {
			isa = PBXSourcesBuildPhase;
			buildActionMask = 2147483647;
			files = (
				38FD049E19FCB2B800801C6A /* StoryXTests.m in Sources */,
			);
			runOnlyForDeploymentPostprocessing = 0;
		};
/* End PBXSourcesBuildPhase section */

/* Begin PBXTargetDependency section */
		38FD049919FCB2B800801C6A /* PBXTargetDependency */ = {
			isa = PBXTargetDependency;
			target = 38FD047D19FCB2B800801C6A /* StoryX */;
			targetProxy = 38FD049819FCB2B800801C6A /* PBXContainerItemProxy */;
		};
/* End PBXTargetDependency section */

/* Begin PBXVariantGroup section */
		38FD048B19FCB2B800801C6A /* Main.storyboard */ = {
			isa = PBXVariantGroup;
			children = (
				38FD048C19FCB2B800801C6A /* Base */,
			);
			name = Main.storyboard;
			sourceTree = "<group>";
		};
		38FD049019FCB2B800801C6A /* LaunchScreen.xib */ = {
			isa = PBXVariantGroup;
			children = (
				38FD049119FCB2B800801C6A /* Base */,
			);
			name = LaunchScreen.xib;
			sourceTree = "<group>";
		};
/* End PBXVariantGroup section */

/* Begin XCBuildConfiguration section */
		38FD049F19FCB2B800801C6A /* Debug */ = {
			isa = XCBuildConfiguration;
			buildSettings = {
				ALWAYS_SEARCH_USER_PATHS = NO;
				CLANG_CXX_LANGUAGE_STANDARD = "gnu++0x";
				CLANG_CXX_LIBRARY = "libc++";
				CLANG_ENABLE_MODULES = YES;
				CLANG_ENABLE_OBJC_ARC = YES;
				CLANG_WARN_BOOL_CONVERSION = YES;
				CLANG_WARN_CONSTANT_CONVERSION = YES;
				CLANG_WARN_DIRECT_OBJC_ISA_USAGE = YES_ERROR;
				CLANG_WARN_EMPTY_BODY = YES;
				CLANG_WARN_ENUM_CONVERSION = YES;
				CLANG_WARN_INT_CONVERSION = YES;
				CLANG_WARN_OBJC_ROOT_CLASS = YES_ERROR;
				CLANG_WARN_UNREACHABLE_CODE = YES;
				CLANG_WARN__DUPLICATE_METHOD_MATCH = YES;
				"CODE_SIGN_IDENTITY[sdk=iphoneos*]" = "iPhone Developer";
				COPY_PHASE_STRIP = NO;
				ENABLE_STRICT_OBJC_MSGSEND = YES;
				GCC_C_LANGUAGE_STANDARD = gnu99;
				GCC_DYNAMIC_NO_PIC = NO;
				GCC_OPTIMIZATION_LEVEL = 0;
				GCC_PREPROCESSOR_DEFINITIONS = (
					"DEBUG=1",
					"$(inherited)",
				);
				GCC_SYMBOLS_PRIVATE_EXTERN = NO;
				GCC_WARN_64_TO_32_BIT_CONVERSION = YES;
				GCC_WARN_ABOUT_RETURN_TYPE = YES_ERROR;
				GCC_WARN_UNDECLARED_SELECTOR = YES;
				GCC_WARN_UNINITIALIZED_AUTOS = YES_AGGRESSIVE;
				GCC_WARN_UNUSED_FUNCTION = YES;
				GCC_WARN_UNUSED_VARIABLE = YES;
				IPHONEOS_DEPLOYMENT_TARGET = 8.1;
				MTL_ENABLE_DEBUG_INFO = YES;
				ONLY_ACTIVE_ARCH = YES;
				SDKROOT = iphoneos;
			};
			name = Debug;
		};
		38FD04A019FCB2B800801C6A /* Release */ = {
			isa = XCBuildConfiguration;
			buildSettings = {
				ALWAYS_SEARCH_USER_PATHS = NO;
				CLANG_CXX_LANGUAGE_STANDARD = "gnu++0x";
				CLANG_CXX_LIBRARY = "libc++";
				CLANG_ENABLE_MODULES = YES;
				CLANG_ENABLE_OBJC_ARC = YES;
				CLANG_WARN_BOOL_CONVERSION = YES;
				CLANG_WARN_CONSTANT_CONVERSION = YES;
				CLANG_WARN_DIRECT_OBJC_ISA_USAGE = YES_ERROR;
				CLANG_WARN_EMPTY_BODY = YES;
				CLANG_WARN_ENUM_CONVERSION = YES;
				CLANG_WARN_INT_CONVERSION = YES;
				CLANG_WARN_OBJC_ROOT_CLASS = YES_ERROR;
				CLANG_WARN_UNREACHABLE_CODE = YES;
				CLANG_WARN__DUPLICATE_METHOD_MATCH = YES;
				"CODE_SIGN_IDENTITY[sdk=iphoneos*]" = "iPhone Developer";
				COPY_PHASE_STRIP = YES;
				ENABLE_NS_ASSERTIONS = NO;
				ENABLE_STRICT_OBJC_MSGSEND = YES;
				GCC_C_LANGUAGE_STANDARD = gnu99;
				GCC_WARN_64_TO_32_BIT_CONVERSION = YES;
				GCC_WARN_ABOUT_RETURN_TYPE = YES_ERROR;
				GCC_WARN_UNDECLARED_SELECTOR = YES;
				GCC_WARN_UNINITIALIZED_AUTOS = YES_AGGRESSIVE;
				GCC_WARN_UNUSED_FUNCTION = YES;
				GCC_WARN_UNUSED_VARIABLE = YES;
				IPHONEOS_DEPLOYMENT_TARGET = 8.1;
				MTL_ENABLE_DEBUG_INFO = NO;
				SDKROOT = iphoneos;
				VALIDATE_PRODUCT = YES;
			};
			name = Release;
		};
		38FD04A219FCB2B800801C6A /* Debug */ = {
			isa = XCBuildConfiguration;
			baseConfigurationReference = 8C3168315DB90A769C9D644E /* Pods.debug.xcconfig */;
			buildSettings = {
				ASSETCATALOG_COMPILER_APPICON_NAME = AppIcon;
				INFOPLIST_FILE = StoryX/Info.plist;
				LD_RUNPATH_SEARCH_PATHS = "$(inherited) @executable_path/Frameworks";
				PRODUCT_NAME = "$(TARGET_NAME)";
			};
			name = Debug;
		};
		38FD04A319FCB2B800801C6A /* Release */ = {
			isa = XCBuildConfiguration;
			baseConfigurationReference = 7E494086B50375F27918A826 /* Pods.release.xcconfig */;
			buildSettings = {
				ASSETCATALOG_COMPILER_APPICON_NAME = AppIcon;
				INFOPLIST_FILE = StoryX/Info.plist;
				LD_RUNPATH_SEARCH_PATHS = "$(inherited) @executable_path/Frameworks";
				PRODUCT_NAME = "$(TARGET_NAME)";
			};
			name = Release;
		};
		38FD04A519FCB2B800801C6A /* Debug */ = {
			isa = XCBuildConfiguration;
			buildSettings = {
				BUNDLE_LOADER = "$(TEST_HOST)";
				FRAMEWORK_SEARCH_PATHS = (
					"$(SDKROOT)/Developer/Library/Frameworks",
					"$(inherited)",
				);
				GCC_PREPROCESSOR_DEFINITIONS = (
					"DEBUG=1",
					"$(inherited)",
				);
				INFOPLIST_FILE = StoryXTests/Info.plist;
				LD_RUNPATH_SEARCH_PATHS = "$(inherited) @executable_path/Frameworks @loader_path/Frameworks";
				PRODUCT_NAME = "$(TARGET_NAME)";
				TEST_HOST = "$(BUILT_PRODUCTS_DIR)/StoryX.app/StoryX";
			};
			name = Debug;
		};
		38FD04A619FCB2B800801C6A /* Release */ = {
			isa = XCBuildConfiguration;
			buildSettings = {
				BUNDLE_LOADER = "$(TEST_HOST)";
				FRAMEWORK_SEARCH_PATHS = (
					"$(SDKROOT)/Developer/Library/Frameworks",
					"$(inherited)",
				);
				INFOPLIST_FILE = StoryXTests/Info.plist;
				LD_RUNPATH_SEARCH_PATHS = "$(inherited) @executable_path/Frameworks @loader_path/Frameworks";
				PRODUCT_NAME = "$(TARGET_NAME)";
				TEST_HOST = "$(BUILT_PRODUCTS_DIR)/StoryX.app/StoryX";
			};
			name = Release;
		};
/* End XCBuildConfiguration section */

/* Begin XCConfigurationList section */
		38FD047919FCB2B800801C6A /* Build configuration list for PBXProject "StoryX" */ = {
			isa = XCConfigurationList;
			buildConfigurations = (
				38FD049F19FCB2B800801C6A /* Debug */,
				38FD04A019FCB2B800801C6A /* Release */,
			);
			defaultConfigurationIsVisible = 0;
			defaultConfigurationName = Release;
		};
		38FD04A119FCB2B800801C6A /* Build configuration list for PBXNativeTarget "StoryX" */ = {
			isa = XCConfigurationList;
			buildConfigurations = (
				38FD04A219FCB2B800801C6A /* Debug */,
				38FD04A319FCB2B800801C6A /* Release */,
			);
			defaultConfigurationIsVisible = 0;
			defaultConfigurationName = Release;
		};
		38FD04A419FCB2B800801C6A /* Build configuration list for PBXNativeTarget "StoryXTests" */ = {
			isa = XCConfigurationList;
			buildConfigurations = (
				38FD04A519FCB2B800801C6A /* Debug */,
				38FD04A619FCB2B800801C6A /* Release */,
			);
			defaultConfigurationIsVisible = 0;
			defaultConfigurationName = Release;
		};
/* End XCConfigurationList section */
	};
	rootObject = 38FD047619FCB2B800801C6A /* Project object */;
}
